// !$*UTF8*$!
{
	archiveVersion = 1;
	classes = {
	};
	objectVersion = 48;
	objects = {

/* Begin PBXBuildFile section */
		2EF063601F81764B00F80449 /* NewsListPresenterSpec.swift in Sources */ = {isa = PBXBuildFile; fileRef = 2EF0635F1F81764B00F80449 /* NewsListPresenterSpec.swift */; };
		2EF063651F817DB600F80449 /* QuickHelper.swift in Sources */ = {isa = PBXBuildFile; fileRef = 2EF063641F817DB600F80449 /* QuickHelper.swift */; };
		2EF55D0E1F80FA13009248EA /* AppDelegate.swift in Sources */ = {isa = PBXBuildFile; fileRef = 2EF55D0D1F80FA13009248EA /* AppDelegate.swift */; };
		2EF55D101F80FA13009248EA /* NewsListViewController.swift in Sources */ = {isa = PBXBuildFile; fileRef = 2EF55D0F1F80FA13009248EA /* NewsListViewController.swift */; };
		2EF55D131F80FA13009248EA /* Main.storyboard in Resources */ = {isa = PBXBuildFile; fileRef = 2EF55D111F80FA13009248EA /* Main.storyboard */; };
		2EF55D151F80FA13009248EA /* Assets.xcassets in Resources */ = {isa = PBXBuildFile; fileRef = 2EF55D141F80FA13009248EA /* Assets.xcassets */; };
		2EF55D181F80FA13009248EA /* LaunchScreen.storyboard in Resources */ = {isa = PBXBuildFile; fileRef = 2EF55D161F80FA13009248EA /* LaunchScreen.storyboard */; };
		2EF55D231F80FA14009248EA /* LayeredArchSampleTests.swift in Sources */ = {isa = PBXBuildFile; fileRef = 2EF55D221F80FA14009248EA /* LayeredArchSampleTests.swift */; };
		2EF55D321F80FA78009248EA /* NewsDetailViewController.swift in Sources */ = {isa = PBXBuildFile; fileRef = 2EF55D311F80FA78009248EA /* NewsDetailViewController.swift */; };
		2EF55D371F80FAD8009248EA /* News.swift in Sources */ = {isa = PBXBuildFile; fileRef = 2EF55D361F80FAD8009248EA /* News.swift */; };
		2EF55D391F80FB3C009248EA /* NewsUseCase.swift in Sources */ = {isa = PBXBuildFile; fileRef = 2EF55D381F80FB3C009248EA /* NewsUseCase.swift */; };
		2EF55D3B1F80FB44009248EA /* NewsStore.swift in Sources */ = {isa = PBXBuildFile; fileRef = 2EF55D3A1F80FB44009248EA /* NewsStore.swift */; };
		2EF55D3D1F80FB4C009248EA /* NewsStoreMock.swift in Sources */ = {isa = PBXBuildFile; fileRef = 2EF55D3C1F80FB4C009248EA /* NewsStoreMock.swift */; };
		2EF55D3F1F813D00009248EA /* NewsListPresenter.swift in Sources */ = {isa = PBXBuildFile; fileRef = 2EF55D3E1F813D00009248EA /* NewsListPresenter.swift */; };
		2EF55D421F8144A2009248EA /* NewsCell.swift in Sources */ = {isa = PBXBuildFile; fileRef = 2EF55D411F8144A2009248EA /* NewsCell.swift */; };
		2EF55D451F815142009248EA /* NewsDetailPresenter.swift in Sources */ = {isa = PBXBuildFile; fileRef = 2EF55D441F815142009248EA /* NewsDetailPresenter.swift */; };
		2EF55D481F81547C009248EA /* UIViewController+Instantiable.swift in Sources */ = {isa = PBXBuildFile; fileRef = 2EF55D471F81547C009248EA /* UIViewController+Instantiable.swift */; };
		5C4371D8BC0777C8128DF721 /* Pods_LayeredArchSample.framework in Frameworks */ = {isa = PBXBuildFile; fileRef = 16ADE9578C27704DE077924C /* Pods_LayeredArchSample.framework */; };
		DAB431FA415B2B14C8D8A87F /* Pods_LayeredArchSampleTests.framework in Frameworks */ = {isa = PBXBuildFile; fileRef = 73E7F601080A5A31ED2C099F /* Pods_LayeredArchSampleTests.framework */; };
/* End PBXBuildFile section */

/* Begin PBXContainerItemProxy section */
		2EF55D1F1F80FA14009248EA /* PBXContainerItemProxy */ = {
			isa = PBXContainerItemProxy;
			containerPortal = 2EF55D021F80FA13009248EA /* Project object */;
			proxyType = 1;
			remoteGlobalIDString = 2EF55D091F80FA13009248EA;
			remoteInfo = LayeredArchSample;
		};
/* End PBXContainerItemProxy section */

/* Begin PBXFileReference section */
		16ADE9578C27704DE077924C /* Pods_LayeredArchSample.framework */ = {isa = PBXFileReference; explicitFileType = wrapper.framework; includeInIndex = 0; path = Pods_LayeredArchSample.framework; sourceTree = BUILT_PRODUCTS_DIR; };
		2EF0635F1F81764B00F80449 /* NewsListPresenterSpec.swift */ = {isa = PBXFileReference; lastKnownFileType = sourcecode.swift; path = NewsListPresenterSpec.swift; sourceTree = "<group>"; };
		2EF063641F817DB600F80449 /* QuickHelper.swift */ = {isa = PBXFileReference; lastKnownFileType = sourcecode.swift; path = QuickHelper.swift; sourceTree = "<group>"; };
		2EF55D0A1F80FA13009248EA /* LayeredArchSample.app */ = {isa = PBXFileReference; explicitFileType = wrapper.application; includeInIndex = 0; path = LayeredArchSample.app; sourceTree = BUILT_PRODUCTS_DIR; };
		2EF55D0D1F80FA13009248EA /* AppDelegate.swift */ = {isa = PBXFileReference; lastKnownFileType = sourcecode.swift; path = AppDelegate.swift; sourceTree = "<group>"; };
		2EF55D0F1F80FA13009248EA /* NewsListViewController.swift */ = {isa = PBXFileReference; lastKnownFileType = sourcecode.swift; path = NewsListViewController.swift; sourceTree = "<group>"; };
		2EF55D121F80FA13009248EA /* Base */ = {isa = PBXFileReference; lastKnownFileType = file.storyboard; name = Base; path = Base.lproj/Main.storyboard; sourceTree = "<group>"; };
		2EF55D141F80FA13009248EA /* Assets.xcassets */ = {isa = PBXFileReference; lastKnownFileType = folder.assetcatalog; path = Assets.xcassets; sourceTree = "<group>"; };
		2EF55D171F80FA13009248EA /* Base */ = {isa = PBXFileReference; lastKnownFileType = file.storyboard; name = Base; path = Base.lproj/LaunchScreen.storyboard; sourceTree = "<group>"; };
		2EF55D191F80FA13009248EA /* Info.plist */ = {isa = PBXFileReference; lastKnownFileType = text.plist.xml; path = Info.plist; sourceTree = "<group>"; };
		2EF55D1E1F80FA14009248EA /* LayeredArchSampleTests.xctest */ = {isa = PBXFileReference; explicitFileType = wrapper.cfbundle; includeInIndex = 0; path = LayeredArchSampleTests.xctest; sourceTree = BUILT_PRODUCTS_DIR; };
		2EF55D221F80FA14009248EA /* LayeredArchSampleTests.swift */ = {isa = PBXFileReference; lastKnownFileType = sourcecode.swift; path = LayeredArchSampleTests.swift; sourceTree = "<group>"; };
		2EF55D241F80FA14009248EA /* Info.plist */ = {isa = PBXFileReference; lastKnownFileType = text.plist.xml; path = Info.plist; sourceTree = "<group>"; };
		2EF55D311F80FA78009248EA /* NewsDetailViewController.swift */ = {isa = PBXFileReference; lastKnownFileType = sourcecode.swift; path = NewsDetailViewController.swift; sourceTree = "<group>"; };
		2EF55D361F80FAD8009248EA /* News.swift */ = {isa = PBXFileReference; lastKnownFileType = sourcecode.swift; path = News.swift; sourceTree = "<group>"; };
		2EF55D381F80FB3C009248EA /* NewsUseCase.swift */ = {isa = PBXFileReference; lastKnownFileType = sourcecode.swift; path = NewsUseCase.swift; sourceTree = "<group>"; };
		2EF55D3A1F80FB44009248EA /* NewsStore.swift */ = {isa = PBXFileReference; lastKnownFileType = sourcecode.swift; path = NewsStore.swift; sourceTree = "<group>"; };
		2EF55D3C1F80FB4C009248EA /* NewsStoreMock.swift */ = {isa = PBXFileReference; lastKnownFileType = sourcecode.swift; path = NewsStoreMock.swift; sourceTree = "<group>"; };
		2EF55D3E1F813D00009248EA /* NewsListPresenter.swift */ = {isa = PBXFileReference; lastKnownFileType = sourcecode.swift; path = NewsListPresenter.swift; sourceTree = "<group>"; };
		2EF55D411F8144A2009248EA /* NewsCell.swift */ = {isa = PBXFileReference; lastKnownFileType = sourcecode.swift; path = NewsCell.swift; sourceTree = "<group>"; };
		2EF55D441F815142009248EA /* NewsDetailPresenter.swift */ = {isa = PBXFileReference; lastKnownFileType = sourcecode.swift; path = NewsDetailPresenter.swift; sourceTree = "<group>"; };
		2EF55D471F81547C009248EA /* UIViewController+Instantiable.swift */ = {isa = PBXFileReference; lastKnownFileType = sourcecode.swift; path = "UIViewController+Instantiable.swift"; sourceTree = "<group>"; };
		4F84EB0735AB61F6B9CCE286 /* Pods-LayeredArchSample.release.xcconfig */ = {isa = PBXFileReference; includeInIndex = 1; lastKnownFileType = text.xcconfig; name = "Pods-LayeredArchSample.release.xcconfig"; path = "Pods/Target Support Files/Pods-LayeredArchSample/Pods-LayeredArchSample.release.xcconfig"; sourceTree = "<group>"; };
		6013A3EFFCA23A34EB41D020 /* Pods-LayeredArchSample.debug.xcconfig */ = {isa = PBXFileReference; includeInIndex = 1; lastKnownFileType = text.xcconfig; name = "Pods-LayeredArchSample.debug.xcconfig"; path = "Pods/Target Support Files/Pods-LayeredArchSample/Pods-LayeredArchSample.debug.xcconfig"; sourceTree = "<group>"; };
		670348D083B3FB57D945814B /* Pods-LayeredArchSampleTests.debug.xcconfig */ = {isa = PBXFileReference; includeInIndex = 1; lastKnownFileType = text.xcconfig; name = "Pods-LayeredArchSampleTests.debug.xcconfig"; path = "Pods/Target Support Files/Pods-LayeredArchSampleTests/Pods-LayeredArchSampleTests.debug.xcconfig"; sourceTree = "<group>"; };
		6977F984FC6031DC0CB15F8C /* Pods-LayeredArchSampleTests.release.xcconfig */ = {isa = PBXFileReference; includeInIndex = 1; lastKnownFileType = text.xcconfig; name = "Pods-LayeredArchSampleTests.release.xcconfig"; path = "Pods/Target Support Files/Pods-LayeredArchSampleTests/Pods-LayeredArchSampleTests.release.xcconfig"; sourceTree = "<group>"; };
		73E7F601080A5A31ED2C099F /* Pods_LayeredArchSampleTests.framework */ = {isa = PBXFileReference; explicitFileType = wrapper.framework; includeInIndex = 0; path = Pods_LayeredArchSampleTests.framework; sourceTree = BUILT_PRODUCTS_DIR; };
/* End PBXFileReference section */

/* Begin PBXFrameworksBuildPhase section */
		2EF55D071F80FA13009248EA /* Frameworks */ = {
			isa = PBXFrameworksBuildPhase;
			buildActionMask = 2147483647;
			files = (
				5C4371D8BC0777C8128DF721 /* Pods_LayeredArchSample.framework in Frameworks */,
			);
			runOnlyForDeploymentPostprocessing = 0;
		};
		2EF55D1B1F80FA14009248EA /* Frameworks */ = {
			isa = PBXFrameworksBuildPhase;
			buildActionMask = 2147483647;
			files = (
				DAB431FA415B2B14C8D8A87F /* Pods_LayeredArchSampleTests.framework in Frameworks */,
			);
			runOnlyForDeploymentPostprocessing = 0;
		};
/* End PBXFrameworksBuildPhase section */

/* Begin PBXGroup section */
		2EF063631F817DA900F80449 /* Helper */ = {
			isa = PBXGroup;
			children = (
				2EF063641F817DB600F80449 /* QuickHelper.swift */,
			);
			path = Helper;
			sourceTree = "<group>";
		};
		2EF55D011F80FA13009248EA = {
			isa = PBXGroup;
			children = (
				2EF55D0C1F80FA13009248EA /* LayeredArchSample */,
				2EF55D211F80FA14009248EA /* LayeredArchSampleTests */,
				2EF55D0B1F80FA13009248EA /* Products */,
				447747780A3ABBA4C4F02539 /* Pods */,
				FCE617280561A73549A16965 /* Frameworks */,
			);
			sourceTree = "<group>";
		};
		2EF55D0B1F80FA13009248EA /* Products */ = {
			isa = PBXGroup;
			children = (
				2EF55D0A1F80FA13009248EA /* LayeredArchSample.app */,
				2EF55D1E1F80FA14009248EA /* LayeredArchSampleTests.xctest */,
			);
			name = Products;
			sourceTree = "<group>";
		};
		2EF55D0C1F80FA13009248EA /* LayeredArchSample */ = {
			isa = PBXGroup;
			children = (
				2EF55D2F1F80FA51009248EA /* Resource */,
				2EF55D301F80FA59009248EA /* Sources */,
				2EF55D191F80FA13009248EA /* Info.plist */,
			);
			path = LayeredArchSample;
			sourceTree = "<group>";
		};
		2EF55D211F80FA14009248EA /* LayeredArchSampleTests */ = {
			isa = PBXGroup;
			children = (
				2EF55D331F80FA86009248EA /* News */,
				2EF063631F817DA900F80449 /* Helper */,
				2EF55D221F80FA14009248EA /* LayeredArchSampleTests.swift */,
				2EF55D241F80FA14009248EA /* Info.plist */,
			);
			path = LayeredArchSampleTests;
			sourceTree = "<group>";
		};
		2EF55D2D1F80FA34009248EA /* News */ = {
			isa = PBXGroup;
			children = (
				2EF55D351F80FAA8009248EA /* Infrastructure */,
				2EF55D341F80FA9D009248EA /* Domain */,
				2EF55D2E1F80FA3D009248EA /* Presentation */,
			);
			path = News;
			sourceTree = "<group>";
		};
		2EF55D2E1F80FA3D009248EA /* Presentation */ = {
			isa = PBXGroup;
			children = (
				2EF55D401F81446A009248EA /* Cell */,
				2EF55D3E1F813D00009248EA /* NewsListPresenter.swift */,
				2EF55D0F1F80FA13009248EA /* NewsListViewController.swift */,
				2EF55D441F815142009248EA /* NewsDetailPresenter.swift */,
				2EF55D311F80FA78009248EA /* NewsDetailViewController.swift */,
			);
			path = Presentation;
			sourceTree = "<group>";
		};
		2EF55D2F1F80FA51009248EA /* Resource */ = {
			isa = PBXGroup;
			children = (
				2EF55D111F80FA13009248EA /* Main.storyboard */,
				2EF55D161F80FA13009248EA /* LaunchScreen.storyboard */,
				2EF55D141F80FA13009248EA /* Assets.xcassets */,
			);
			path = Resource;
			sourceTree = "<group>";
		};
		2EF55D301F80FA59009248EA /* Sources */ = {
			isa = PBXGroup;
			children = (
				2EF55D431F814FD9009248EA /* Main */,
				2EF55D2D1F80FA34009248EA /* News */,
				2EF55D461F8153BB009248EA /* Helper */,
			);
			path = Sources;
			sourceTree = "<group>";
		};
		2EF55D331F80FA86009248EA /* News */ = {
			isa = PBXGroup;
			children = (
				2EF0635F1F81764B00F80449 /* NewsListPresenterSpec.swift */,
			);
			path = News;
			sourceTree = "<group>";
		};
		2EF55D341F80FA9D009248EA /* Domain */ = {
			isa = PBXGroup;
			children = (
				2EF55D361F80FAD8009248EA /* News.swift */,
				2EF55D381F80FB3C009248EA /* NewsUseCase.swift */,
				2EF55D3A1F80FB44009248EA /* NewsStore.swift */,
			);
			path = Domain;
			sourceTree = "<group>";
		};
		2EF55D351F80FAA8009248EA /* Infrastructure */ = {
			isa = PBXGroup;
			children = (
				2EF55D3C1F80FB4C009248EA /* NewsStoreMock.swift */,
			);
			path = Infrastructure;
			sourceTree = "<group>";
		};
		2EF55D401F81446A009248EA /* Cell */ = {
			isa = PBXGroup;
			children = (
				2EF55D411F8144A2009248EA /* NewsCell.swift */,
			);
			path = Cell;
			sourceTree = "<group>";
		};
		2EF55D431F814FD9009248EA /* Main */ = {
			isa = PBXGroup;
			children = (
				2EF55D0D1F80FA13009248EA /* AppDelegate.swift */,
			);
			path = Main;
			sourceTree = "<group>";
		};
		2EF55D461F8153BB009248EA /* Helper */ = {
			isa = PBXGroup;
			children = (
				2EF55D471F81547C009248EA /* UIViewController+Instantiable.swift */,
			);
			path = Helper;
			sourceTree = "<group>";
		};
		447747780A3ABBA4C4F02539 /* Pods */ = {
			isa = PBXGroup;
			children = (
				6013A3EFFCA23A34EB41D020 /* Pods-LayeredArchSample.debug.xcconfig */,
				4F84EB0735AB61F6B9CCE286 /* Pods-LayeredArchSample.release.xcconfig */,
				670348D083B3FB57D945814B /* Pods-LayeredArchSampleTests.debug.xcconfig */,
				6977F984FC6031DC0CB15F8C /* Pods-LayeredArchSampleTests.release.xcconfig */,
			);
			name = Pods;
			sourceTree = "<group>";
		};
		FCE617280561A73549A16965 /* Frameworks */ = {
			isa = PBXGroup;
			children = (
				16ADE9578C27704DE077924C /* Pods_LayeredArchSample.framework */,
				73E7F601080A5A31ED2C099F /* Pods_LayeredArchSampleTests.framework */,
			);
			name = Frameworks;
			sourceTree = "<group>";
		};
/* End PBXGroup section */

/* Begin PBXNativeTarget section */
		2EF55D091F80FA13009248EA /* LayeredArchSample */ = {
			isa = PBXNativeTarget;
			buildConfigurationList = 2EF55D271F80FA14009248EA /* Build configuration list for PBXNativeTarget "LayeredArchSample" */;
			buildPhases = (
				1CF0F5683AEA213B4F825849 /* [CP] Check Pods Manifest.lock */,
				2EF55D061F80FA13009248EA /* Sources */,
				2EF55D071F80FA13009248EA /* Frameworks */,
				2EF55D081F80FA13009248EA /* Resources */,
				A27A39F60DA07F3608506766 /* [CP] Embed Pods Frameworks */,
				1E6DE8E7741C7527EA320799 /* [CP] Copy Pods Resources */,
			);
			buildRules = (
			);
			dependencies = (
			);
			name = LayeredArchSample;
			productName = LayeredArchSample;
			productReference = 2EF55D0A1F80FA13009248EA /* LayeredArchSample.app */;
			productType = "com.apple.product-type.application";
		};
		2EF55D1D1F80FA14009248EA /* LayeredArchSampleTests */ = {
			isa = PBXNativeTarget;
			buildConfigurationList = 2EF55D2A1F80FA14009248EA /* Build configuration list for PBXNativeTarget "LayeredArchSampleTests" */;
			buildPhases = (
				B7049F0B4364306CF45ED705 /* [CP] Check Pods Manifest.lock */,
				2EF55D1A1F80FA14009248EA /* Sources */,
				2EF55D1B1F80FA14009248EA /* Frameworks */,
				2EF55D1C1F80FA14009248EA /* Resources */,
				6256507F7122D717847EC62B /* [CP] Embed Pods Frameworks */,
				876BCC5469A21D62F3D0E009 /* [CP] Copy Pods Resources */,
			);
			buildRules = (
			);
			dependencies = (
				2EF55D201F80FA14009248EA /* PBXTargetDependency */,
			);
			name = LayeredArchSampleTests;
			productName = LayeredArchSampleTests;
			productReference = 2EF55D1E1F80FA14009248EA /* LayeredArchSampleTests.xctest */;
			productType = "com.apple.product-type.bundle.unit-test";
		};
/* End PBXNativeTarget section */

/* Begin PBXProject section */
		2EF55D021F80FA13009248EA /* Project object */ = {
			isa = PBXProject;
			attributes = {
				LastSwiftUpdateCheck = 0900;
				LastUpgradeCheck = 0900;
				ORGANIZATIONNAME = "Tomoyuki Hosaka";
				TargetAttributes = {
					2EF55D091F80FA13009248EA = {
						CreatedOnToolsVersion = 9.0;
						ProvisioningStyle = Automatic;
					};
					2EF55D1D1F80FA14009248EA = {
						CreatedOnToolsVersion = 9.0;
						ProvisioningStyle = Automatic;
						TestTargetID = 2EF55D091F80FA13009248EA;
					};
				};
			};
			buildConfigurationList = 2EF55D051F80FA13009248EA /* Build configuration list for PBXProject "LayeredArchSample" */;
			compatibilityVersion = "Xcode 8.0";
			developmentRegion = en;
			hasScannedForEncodings = 0;
			knownRegions = (
				en,
				Base,
			);
			mainGroup = 2EF55D011F80FA13009248EA;
			productRefGroup = 2EF55D0B1F80FA13009248EA /* Products */;
			projectDirPath = "";
			projectRoot = "";
			targets = (
				2EF55D091F80FA13009248EA /* LayeredArchSample */,
				2EF55D1D1F80FA14009248EA /* LayeredArchSampleTests */,
			);
		};
/* End PBXProject section */

/* Begin PBXResourcesBuildPhase section */
		2EF55D081F80FA13009248EA /* Resources */ = {
			isa = PBXResourcesBuildPhase;
			buildActionMask = 2147483647;
			files = (
				2EF55D181F80FA13009248EA /* LaunchScreen.storyboard in Resources */,
				2EF55D151F80FA13009248EA /* Assets.xcassets in Resources */,
				2EF55D131F80FA13009248EA /* Main.storyboard in Resources */,
			);
			runOnlyForDeploymentPostprocessing = 0;
		};
		2EF55D1C1F80FA14009248EA /* Resources */ = {
			isa = PBXResourcesBuildPhase;
			buildActionMask = 2147483647;
			files = (
			);
			runOnlyForDeploymentPostprocessing = 0;
		};
/* End PBXResourcesBuildPhase section */

/* Begin PBXShellScriptBuildPhase section */
		1CF0F5683AEA213B4F825849 /* [CP] Check Pods Manifest.lock */ = {
			isa = PBXShellScriptBuildPhase;
			buildActionMask = 2147483647;
			files = (
			);
			inputPaths = (
				"${PODS_PODFILE_DIR_PATH}/Podfile.lock",
				"${PODS_ROOT}/Manifest.lock",
			);
			name = "[CP] Check Pods Manifest.lock";
			outputPaths = (
				"$(DERIVED_FILE_DIR)/Pods-LayeredArchSample-checkManifestLockResult.txt",
			);
			runOnlyForDeploymentPostprocessing = 0;
			shellPath = /bin/sh;
			shellScript = "diff \"${PODS_PODFILE_DIR_PATH}/Podfile.lock\" \"${PODS_ROOT}/Manifest.lock\" > /dev/null\nif [ $? != 0 ] ; then\n    # print error to STDERR\n    echo \"error: The sandbox is not in sync with the Podfile.lock. Run 'pod install' or update your CocoaPods installation.\" >&2\n    exit 1\nfi\n# This output is used by Xcode 'outputs' to avoid re-running this script phase.\necho \"SUCCESS\" > \"${SCRIPT_OUTPUT_FILE_0}\"\n";
			showEnvVarsInLog = 0;
		};
		1E6DE8E7741C7527EA320799 /* [CP] Copy Pods Resources */ = {
			isa = PBXShellScriptBuildPhase;
			buildActionMask = 2147483647;
			files = (
			);
			inputPaths = (
			);
			name = "[CP] Copy Pods Resources";
			outputPaths = (
			);
			runOnlyForDeploymentPostprocessing = 0;
			shellPath = /bin/sh;
			shellScript = "\"${SRCROOT}/Pods/Target Support Files/Pods-LayeredArchSample/Pods-LayeredArchSample-resources.sh\"\n";
			showEnvVarsInLog = 0;
		};
		6256507F7122D717847EC62B /* [CP] Embed Pods Frameworks */ = {
			isa = PBXShellScriptBuildPhase;
			buildActionMask = 2147483647;
			files = (
			);
			inputPaths = (
				"${SRCROOT}/Pods/Target Support Files/Pods-LayeredArchSampleTests/Pods-LayeredArchSampleTests-frameworks.sh",
				"${BUILT_PRODUCTS_DIR}/RxSwift/RxSwift.framework",
				"${BUILT_PRODUCTS_DIR}/Nimble/Nimble.framework",
				"${BUILT_PRODUCTS_DIR}/Quick/Quick.framework",
				"${BUILT_PRODUCTS_DIR}/RxBlocking/RxBlocking.framework",
				"${BUILT_PRODUCTS_DIR}/RxTest/RxTest.framework",
			);
			name = "[CP] Embed Pods Frameworks";
			outputPaths = (
				"${TARGET_BUILD_DIR}/${FRAMEWORKS_FOLDER_PATH}/RxSwift.framework",
				"${TARGET_BUILD_DIR}/${FRAMEWORKS_FOLDER_PATH}/Nimble.framework",
				"${TARGET_BUILD_DIR}/${FRAMEWORKS_FOLDER_PATH}/Quick.framework",
				"${TARGET_BUILD_DIR}/${FRAMEWORKS_FOLDER_PATH}/RxBlocking.framework",
				"${TARGET_BUILD_DIR}/${FRAMEWORKS_FOLDER_PATH}/RxTest.framework",
			);
			runOnlyForDeploymentPostprocessing = 0;
			shellPath = /bin/sh;
			shellScript = "\"${SRCROOT}/Pods/Target Support Files/Pods-LayeredArchSampleTests/Pods-LayeredArchSampleTests-frameworks.sh\"\n";
			showEnvVarsInLog = 0;
		};
		876BCC5469A21D62F3D0E009 /* [CP] Copy Pods Resources */ = {
			isa = PBXShellScriptBuildPhase;
			buildActionMask = 2147483647;
			files = (
			);
			inputPaths = (
			);
			name = "[CP] Copy Pods Resources";
			outputPaths = (
			);
			runOnlyForDeploymentPostprocessing = 0;
			shellPath = /bin/sh;
			shellScript = "\"${SRCROOT}/Pods/Target Support Files/Pods-LayeredArchSampleTests/Pods-LayeredArchSampleTests-resources.sh\"\n";
			showEnvVarsInLog = 0;
		};
		A27A39F60DA07F3608506766 /* [CP] Embed Pods Frameworks */ = {
			isa = PBXShellScriptBuildPhase;
			buildActionMask = 2147483647;
			files = (
			);
			inputPaths = (
				"${SRCROOT}/Pods/Target Support Files/Pods-LayeredArchSample/Pods-LayeredArchSample-frameworks.sh",
				"${BUILT_PRODUCTS_DIR}/RxCocoa/RxCocoa.framework",
				"${BUILT_PRODUCTS_DIR}/RxSwift/RxSwift.framework",
			);
			name = "[CP] Embed Pods Frameworks";
			outputPaths = (
				"${TARGET_BUILD_DIR}/${FRAMEWORKS_FOLDER_PATH}/RxCocoa.framework",
				"${TARGET_BUILD_DIR}/${FRAMEWORKS_FOLDER_PATH}/RxSwift.framework",
			);
			runOnlyForDeploymentPostprocessing = 0;
			shellPath = /bin/sh;
			shellScript = "\"${SRCROOT}/Pods/Target Support Files/Pods-LayeredArchSample/Pods-LayeredArchSample-frameworks.sh\"\n";
			showEnvVarsInLog = 0;
		};
		B7049F0B4364306CF45ED705 /* [CP] Check Pods Manifest.lock */ = {
			isa = PBXShellScriptBuildPhase;
			buildActionMask = 2147483647;
			files = (
			);
			inputPaths = (
				"${PODS_PODFILE_DIR_PATH}/Podfile.lock",
				"${PODS_ROOT}/Manifest.lock",
			);
			name = "[CP] Check Pods Manifest.lock";
			outputPaths = (
				"$(DERIVED_FILE_DIR)/Pods-LayeredArchSampleTests-checkManifestLockResult.txt",
			);
			runOnlyForDeploymentPostprocessing = 0;
			shellPath = /bin/sh;
			shellScript = "diff \"${PODS_PODFILE_DIR_PATH}/Podfile.lock\" \"${PODS_ROOT}/Manifest.lock\" > /dev/null\nif [ $? != 0 ] ; then\n    # print error to STDERR\n    echo \"error: The sandbox is not in sync with the Podfile.lock. Run 'pod install' or update your CocoaPods installation.\" >&2\n    exit 1\nfi\n# This output is used by Xcode 'outputs' to avoid re-running this script phase.\necho \"SUCCESS\" > \"${SCRIPT_OUTPUT_FILE_0}\"\n";
			showEnvVarsInLog = 0;
		};
/* End PBXShellScriptBuildPhase section */

/* Begin PBXSourcesBuildPhase section */
		2EF55D061F80FA13009248EA /* Sources */ = {
			isa = PBXSourcesBuildPhase;
			buildActionMask = 2147483647;
			files = (
				2EF55D391F80FB3C009248EA /* NewsUseCase.swift in Sources */,
				2EF55D421F8144A2009248EA /* NewsCell.swift in Sources */,
				2EF55D3D1F80FB4C009248EA /* NewsStoreMock.swift in Sources */,
				2EF55D321F80FA78009248EA /* NewsDetailViewController.swift in Sources */,
				2EF55D481F81547C009248EA /* UIViewController+Instantiable.swift in Sources */,
				2EF55D451F815142009248EA /* NewsDetailPresenter.swift in Sources */,
				2EF55D3F1F813D00009248EA /* NewsListPresenter.swift in Sources */,
				2EF55D3B1F80FB44009248EA /* NewsStore.swift in Sources */,
				2EF55D101F80FA13009248EA /* NewsListViewController.swift in Sources */,
				2EF55D371F80FAD8009248EA /* News.swift in Sources */,
				2EF55D0E1F80FA13009248EA /* AppDelegate.swift in Sources */,
			);
			runOnlyForDeploymentPostprocessing = 0;
		};
		2EF55D1A1F80FA14009248EA /* Sources */ = {
			isa = PBXSourcesBuildPhase;
			buildActionMask = 2147483647;
			files = (
				2EF063601F81764B00F80449 /* NewsListPresenterSpec.swift in Sources */,
				2EF55D231F80FA14009248EA /* LayeredArchSampleTests.swift in Sources */,
				2EF063651F817DB600F80449 /* QuickHelper.swift in Sources */,
			);
			runOnlyForDeploymentPostprocessing = 0;
		};
/* End PBXSourcesBuildPhase section */

/* Begin PBXTargetDependency section */
		2EF55D201F80FA14009248EA /* PBXTargetDependency */ = {
			isa = PBXTargetDependency;
			target = 2EF55D091F80FA13009248EA /* LayeredArchSample */;
			targetProxy = 2EF55D1F1F80FA14009248EA /* PBXContainerItemProxy */;
		};
/* End PBXTargetDependency section */

/* Begin PBXVariantGroup section */
		2EF55D111F80FA13009248EA /* Main.storyboard */ = {
			isa = PBXVariantGroup;
			children = (
				2EF55D121F80FA13009248EA /* Base */,
			);
			name = Main.storyboard;
			sourceTree = "<group>";
		};
		2EF55D161F80FA13009248EA /* LaunchScreen.storyboard */ = {
			isa = PBXVariantGroup;
			children = (
				2EF55D171F80FA13009248EA /* Base */,
			);
			name = LaunchScreen.storyboard;
			sourceTree = "<group>";
		};
/* End PBXVariantGroup section */

/* Begin XCBuildConfiguration section */
		2EF55D251F80FA14009248EA /* Debug */ = {
			isa = XCBuildConfiguration;
			buildSettings = {
				ALWAYS_SEARCH_USER_PATHS = NO;
				CLANG_ANALYZER_NONNULL = YES;
				CLANG_ANALYZER_NUMBER_OBJECT_CONVERSION = YES_AGGRESSIVE;
				CLANG_CXX_LANGUAGE_STANDARD = "gnu++14";
				CLANG_CXX_LIBRARY = "libc++";
				CLANG_ENABLE_MODULES = YES;
				CLANG_ENABLE_OBJC_ARC = YES;
				CLANG_WARN_BLOCK_CAPTURE_AUTORELEASING = YES;
				CLANG_WARN_BOOL_CONVERSION = YES;
				CLANG_WARN_COMMA = YES;
				CLANG_WARN_CONSTANT_CONVERSION = YES;
				CLANG_WARN_DIRECT_OBJC_ISA_USAGE = YES_ERROR;
				CLANG_WARN_DOCUMENTATION_COMMENTS = YES;
				CLANG_WARN_EMPTY_BODY = YES;
				CLANG_WARN_ENUM_CONVERSION = YES;
				CLANG_WARN_INFINITE_RECURSION = YES;
				CLANG_WARN_INT_CONVERSION = YES;
				CLANG_WARN_NON_LITERAL_NULL_CONVERSION = YES;
				CLANG_WARN_OBJC_LITERAL_CONVERSION = YES;
				CLANG_WARN_OBJC_ROOT_CLASS = YES_ERROR;
				CLANG_WARN_RANGE_LOOP_ANALYSIS = YES;
				CLANG_WARN_STRICT_PROTOTYPES = YES;
				CLANG_WARN_SUSPICIOUS_MOVE = YES;
				CLANG_WARN_UNGUARDED_AVAILABILITY = YES_AGGRESSIVE;
				CLANG_WARN_UNREACHABLE_CODE = YES;
				CLANG_WARN__DUPLICATE_METHOD_MATCH = YES;
				CODE_SIGN_IDENTITY = "iPhone Developer";
				COPY_PHASE_STRIP = NO;
				DEBUG_INFORMATION_FORMAT = dwarf;
				ENABLE_STRICT_OBJC_MSGSEND = YES;
				ENABLE_TESTABILITY = YES;
				GCC_C_LANGUAGE_STANDARD = gnu11;
				GCC_DYNAMIC_NO_PIC = NO;
				GCC_NO_COMMON_BLOCKS = YES;
				GCC_OPTIMIZATION_LEVEL = 0;
				GCC_PREPROCESSOR_DEFINITIONS = (
					"DEBUG=1",
					"$(inherited)",
				);
				GCC_WARN_64_TO_32_BIT_CONVERSION = YES;
				GCC_WARN_ABOUT_RETURN_TYPE = YES_ERROR;
				GCC_WARN_UNDECLARED_SELECTOR = YES;
				GCC_WARN_UNINITIALIZED_AUTOS = YES_AGGRESSIVE;
				GCC_WARN_UNUSED_FUNCTION = YES;
				GCC_WARN_UNUSED_VARIABLE = YES;
				IPHONEOS_DEPLOYMENT_TARGET = 11.0;
				MTL_ENABLE_DEBUG_INFO = YES;
				ONLY_ACTIVE_ARCH = YES;
				SDKROOT = iphoneos;
				SWIFT_ACTIVE_COMPILATION_CONDITIONS = DEBUG;
				SWIFT_OPTIMIZATION_LEVEL = "-Onone";
			};
			name = Debug;
		};
		2EF55D261F80FA14009248EA /* Release */ = {
			isa = XCBuildConfiguration;
			buildSettings = {
				ALWAYS_SEARCH_USER_PATHS = NO;
				CLANG_ANALYZER_NONNULL = YES;
				CLANG_ANALYZER_NUMBER_OBJECT_CONVERSION = YES_AGGRESSIVE;
				CLANG_CXX_LANGUAGE_STANDARD = "gnu++14";
				CLANG_CXX_LIBRARY = "libc++";
				CLANG_ENABLE_MODULES = YES;
				CLANG_ENABLE_OBJC_ARC = YES;
				CLANG_WARN_BLOCK_CAPTURE_AUTORELEASING = YES;
				CLANG_WARN_BOOL_CONVERSION = YES;
				CLANG_WARN_COMMA = YES;
				CLANG_WARN_CONSTANT_CONVERSION = YES;
				CLANG_WARN_DIRECT_OBJC_ISA_USAGE = YES_ERROR;
				CLANG_WARN_DOCUMENTATION_COMMENTS = YES;
				CLANG_WARN_EMPTY_BODY = YES;
				CLANG_WARN_ENUM_CONVERSION = YES;
				CLANG_WARN_INFINITE_RECURSION = YES;
				CLANG_WARN_INT_CONVERSION = YES;
				CLANG_WARN_NON_LITERAL_NULL_CONVERSION = YES;
				CLANG_WARN_OBJC_LITERAL_CONVERSION = YES;
				CLANG_WARN_OBJC_ROOT_CLASS = YES_ERROR;
				CLANG_WARN_RANGE_LOOP_ANALYSIS = YES;
				CLANG_WARN_STRICT_PROTOTYPES = YES;
				CLANG_WARN_SUSPICIOUS_MOVE = YES;
				CLANG_WARN_UNGUARDED_AVAILABILITY = YES_AGGRESSIVE;
				CLANG_WARN_UNREACHABLE_CODE = YES;
				CLANG_WARN__DUPLICATE_METHOD_MATCH = YES;
				CODE_SIGN_IDENTITY = "iPhone Developer";
				COPY_PHASE_STRIP = NO;
				DEBUG_INFORMATION_FORMAT = "dwarf-with-dsym";
				ENABLE_NS_ASSERTIONS = NO;
				ENABLE_STRICT_OBJC_MSGSEND = YES;
				GCC_C_LANGUAGE_STANDARD = gnu11;
				GCC_NO_COMMON_BLOCKS = YES;
				GCC_WARN_64_TO_32_BIT_CONVERSION = YES;
				GCC_WARN_ABOUT_RETURN_TYPE = YES_ERROR;
				GCC_WARN_UNDECLARED_SELECTOR = YES;
				GCC_WARN_UNINITIALIZED_AUTOS = YES_AGGRESSIVE;
				GCC_WARN_UNUSED_FUNCTION = YES;
				GCC_WARN_UNUSED_VARIABLE = YES;
				IPHONEOS_DEPLOYMENT_TARGET = 11.0;
				MTL_ENABLE_DEBUG_INFO = NO;
				SDKROOT = iphoneos;
				SWIFT_OPTIMIZATION_LEVEL = "-Owholemodule";
				VALIDATE_PRODUCT = YES;
			};
			name = Release;
		};
		2EF55D281F80FA14009248EA /* Debug */ = {
			isa = XCBuildConfiguration;
			baseConfigurationReference = 6013A3EFFCA23A34EB41D020 /* Pods-LayeredArchSample.debug.xcconfig */;
			buildSettings = {
				ASSETCATALOG_COMPILER_APPICON_NAME = AppIcon;
				CODE_SIGN_STYLE = Automatic;
				DEVELOPMENT_TEAM = 2Q882M7MSC;
				INFOPLIST_FILE = LayeredArchSample/Info.plist;
				LD_RUNPATH_SEARCH_PATHS = "$(inherited) @executable_path/Frameworks";
				PRODUCT_BUNDLE_IDENTIFIER = com.tondol.LayeredArchSample;
				PRODUCT_NAME = "$(TARGET_NAME)";
				SWIFT_VERSION = 4.0;
				TARGETED_DEVICE_FAMILY = "1,2";
			};
			name = Debug;
		};
		2EF55D291F80FA14009248EA /* Release */ = {
			isa = XCBuildConfiguration;
			baseConfigurationReference = 4F84EB0735AB61F6B9CCE286 /* Pods-LayeredArchSample.release.xcconfig */;
			buildSettings = {
				ASSETCATALOG_COMPILER_APPICON_NAME = AppIcon;
				CODE_SIGN_STYLE = Automatic;
				DEVELOPMENT_TEAM = 2Q882M7MSC;
				INFOPLIST_FILE = LayeredArchSample/Info.plist;
				LD_RUNPATH_SEARCH_PATHS = "$(inherited) @executable_path/Frameworks";
				PRODUCT_BUNDLE_IDENTIFIER = com.tondol.LayeredArchSample;
				PRODUCT_NAME = "$(TARGET_NAME)";
				SWIFT_VERSION = 4.0;
				TARGETED_DEVICE_FAMILY = "1,2";
			};
			name = Release;
		};
		2EF55D2B1F80FA14009248EA /* Debug */ = {
			isa = XCBuildConfiguration;
			baseConfigurationReference = 670348D083B3FB57D945814B /* Pods-LayeredArchSampleTests.debug.xcconfig */;
			buildSettings = {
				ALWAYS_EMBED_SWIFT_STANDARD_LIBRARIES = YES;
				BUNDLE_LOADER = "$(TEST_HOST)";
				CODE_SIGN_STYLE = Automatic;
				DEVELOPMENT_TEAM = 2Q882M7MSC;
				INFOPLIST_FILE = LayeredArchSampleTests/Info.plist;
				LD_RUNPATH_SEARCH_PATHS = "$(inherited) @executable_path/Frameworks @loader_path/Frameworks";
				PRODUCT_BUNDLE_IDENTIFIER = com.tondol.LayeredArchSampleTests;
				PRODUCT_NAME = "$(TARGET_NAME)";
				SWIFT_VERSION = 4.0;
				TARGETED_DEVICE_FAMILY = "1,2";
				TEST_HOST = "$(BUILT_PRODUCTS_DIR)/LayeredArchSample.app/LayeredArchSample";
			};
			name = Debug;
		};
		2EF55D2C1F80FA14009248EA /* Release */ = {
			isa = XCBuildConfiguration;
			baseConfigurationReference = 6977F984FC6031DC0CB15F8C /* Pods-LayeredArchSampleTests.release.xcconfig */;
			buildSettings = {
				ALWAYS_EMBED_SWIFT_STANDARD_LIBRARIES = YES;
				BUNDLE_LOADER = "$(TEST_HOST)";
				CODE_SIGN_STYLE = Automatic;
				DEVELOPMENT_TEAM = 2Q882M7MSC;
				INFOPLIST_FILE = LayeredArchSampleTests/Info.plist;
				LD_RUNPATH_SEARCH_PATHS = "$(inherited) @executable_path/Frameworks @loader_path/Frameworks";
				PRODUCT_BUNDLE_IDENTIFIER = com.tondol.LayeredArchSampleTests;
				PRODUCT_NAME = "$(TARGET_NAME)";
				SWIFT_VERSION = 4.0;
				TARGETED_DEVICE_FAMILY = "1,2";
				TEST_HOST = "$(BUILT_PRODUCTS_DIR)/LayeredArchSample.app/LayeredArchSample";
			};
			name = Release;
		};
/* End XCBuildConfiguration section */

/* Begin XCConfigurationList section */
		2EF55D051F80FA13009248EA /* Build configuration list for PBXProject "LayeredArchSample" */ = {
			isa = XCConfigurationList;
			buildConfigurations = (
				2EF55D251F80FA14009248EA /* Debug */,
				2EF55D261F80FA14009248EA /* Release */,
			);
			defaultConfigurationIsVisible = 0;
			defaultConfigurationName = Release;
		};
		2EF55D271F80FA14009248EA /* Build configuration list for PBXNativeTarget "LayeredArchSample" */ = {
			isa = XCConfigurationList;
			buildConfigurations = (
				2EF55D281F80FA14009248EA /* Debug */,
				2EF55D291F80FA14009248EA /* Release */,
			);
			defaultConfigurationIsVisible = 0;
			defaultConfigurationName = Release;
		};
		2EF55D2A1F80FA14009248EA /* Build configuration list for PBXNativeTarget "LayeredArchSampleTests" */ = {
			isa = XCConfigurationList;
			buildConfigurations = (
				2EF55D2B1F80FA14009248EA /* Debug */,
				2EF55D2C1F80FA14009248EA /* Release */,
			);
			defaultConfigurationIsVisible = 0;
			defaultConfigurationName = Release;
		};
/* End XCConfigurationList section */
	};
	rootObject = 2EF55D021F80FA13009248EA /* Project object */;
}
